
Microsoft Visual Studio Solution File, Format Version 12.00
# Visual Studio 2012
Project("{FAE04EC0-301F-11D3-BF4B-00C04F79EFBC}") = "Rhenus.Spring", "Rhenus.Spring.csproj", "{8E76128F-2954-4E97-B146-342AB13161BF}"
EndProject
Project("{FAE04EC0-301F-11D3-BF4B-00C04F79EFBC}") = "Rhenus.Spring.Tests", "Rhenus.Spring.Tests.csproj", "{AD0995E9-6E5D-491D-84D7-992153150B70}"
EndProject
Project("{2150E333-8FDC-42A3-9474-1A3956D46DE8}") = "Solution Items", "Solution Items", "{8495D288-8458-43F2-AC19-7ED98B258DA5}"
	ProjectSection(SolutionItems) = preProject
		Rhenus.build = Rhenus.build
	EndProjectSection
EndProject
Global
	GlobalSection(SolutionConfigurationPlatforms) = preSolution
		Debug|Any CPU = Debug|Any CPU
		Debug|x86 = Debug|x86
		Release|Any CPU = Release|Any CPU
		Release|x86 = Release|x86
	EndGlobalSection
	GlobalSection(ProjectConfigurationPlatforms) = postSolution
		{8E76128F-2954-4E97-B146-342AB13161BF}.Debug|Any CPU.ActiveCfg = Debug|Any CPU
		{8E76128F-2954-4E97-B146-342AB13161BF}.Debug|Any CPU.Build.0 = Debug|Any CPU
		{8E76128F-2954-4E97-B146-342AB13161BF}.Debug|x86.ActiveCfg = Debug|Any CPU
		{8E76128F-2954-4E97-B146-342AB13161BF}.Debug|x86.Build.0 = Debug|Any CPU
		{8E76128F-2954-4E97-B146-342AB13161BF}.Release|Any CPU.ActiveCfg = Release|Any CPU
		{8E76128F-2954-4E97-B146-342AB13161BF}.Release|Any CPU.Build.0 = Release|Any CPU
		{8E76128F-2954-4E97-B146-342AB13161BF}.Release|x86.ActiveCfg = Release|Any CPU
		{8E76128F-2954-4E97-B146-342AB13161BF}.Release|x86.Build.0 = Release|Any CPU
		{AD0995E9-6E5D-491D-84D7-992153150B70}.Debug|Any CPU.ActiveCfg = Debug|Any CPU
		{AD0995E9-6E5D-491D-84D7-992153150B70}.Debug|Any CPU.Build.0 = Debug|Any CPU
		{AD0995E9-6E5D-491D-84D7-992153150B70}.Debug|x86.ActiveCfg = Debug|Any CPU
		{AD0995E9-6E5D-491D-84D7-992153150B70}.Debug|x86.Build.0 = Debug|Any CPU
		{AD0995E9-6E5D-491D-84D7-992153150B70}.Release|Any CPU.ActiveCfg = Release|Any CPU
		{AD0995E9-6E5D-491D-84D7-992153150B70}.Release|Any CPU.Build.0 = Release|Any CPU
		{AD0995E9-6E5D-491D-84D7-992153150B70}.Release|x86.ActiveCfg = Release|Any CPU
		{AD0995E9-6E5D-491D-84D7-992153150B70}.Release|x86.Build.0 = Release|Any CPU
	EndGlobalSection
	GlobalSection(NestedProjects) = preSolution
	EndGlobalSection
	GlobalSection(MonoDevelopProperties) = preSolution
		StartupItem = Rhenus.Spring.csproj
		Policies = $0
		$0.StandardHeader = $1
		$1.Text = "@The Rhenus project\n\nThis file is part of the Rhenus framework that aimes to be a \nhorizontally scalable application server with a focus on games.\n\nCopyright (C) 2013  Hans Meyer\n\nThis program is free software: you can redistribute it and/or modify\nit under the terms of the GNU General Public License as published by\nthe Free Software Foundation, either version 3 of the License, or\n(at your option) any later version.\n\nThis program is distributed in the hope that it will be useful,\nbut WITHOUT ANY WARRANTY; without even the implied warranty of\nMERCHANTABILITY or FITNESS FOR A PARTICULAR PURPOSE.  See the\nGNU General Public License for more details.\n\nYou should have received a copy of the GNU General Public License\nalong with this program.  If not, see <http://www.gnu.org/licenses/>. "
		$1.IncludeInNewFiles = True
		$0.NameConventionPolicy = $2
		$2.Rules = $3
		$3.NamingRule = $4
		$4.AffectedEntity = None
		$4.VisibilityMask = VisibilityMask
		$4.NamingStyle = None
		$4.IncludeInstanceMembers = True
		$4.IncludeStaticEntities = True
	EndGlobalSection
	GlobalSection(SolutionProperties) = preSolution
		HideSolutionNode = FALSE
	EndGlobalSection
EndGlobal
