
Microsoft Visual Studio Solution File, Format Version 12.00
# Visual Studio 2012
Project("{FAE04EC0-301F-11D3-BF4B-00C04F79EFBC}") = "Rhenus Spring", "Rhenus Spring.csproj", "{65264F71-85E0-453D-A025-415761DE42D2}"
EndProject
Project("{FAE04EC0-301F-11D3-BF4B-00C04F79EFBC}") = "Rhenus Spring Tests", "Rhenus Spring Tests.csproj", "{AC234C89-F152-4848-94B7-39D860D9EE88}"
EndProject
Global
	GlobalSection(SolutionConfigurationPlatforms) = preSolution
		Debug|Any CPU = Debug|Any CPU
		Release|Any CPU = Release|Any CPU
	EndGlobalSection
	GlobalSection(ProjectConfigurationPlatforms) = postSolution
		{65264F71-85E0-453D-A025-415761DE42D2}.Debug|Any CPU.ActiveCfg = Debug|Any CPU
		{65264F71-85E0-453D-A025-415761DE42D2}.Debug|Any CPU.Build.0 = Debug|Any CPU
		{65264F71-85E0-453D-A025-415761DE42D2}.Release|Any CPU.ActiveCfg = Release|Any CPU
		{65264F71-85E0-453D-A025-415761DE42D2}.Release|Any CPU.Build.0 = Release|Any CPU
		{AC234C89-F152-4848-94B7-39D860D9EE88}.Debug|Any CPU.ActiveCfg = Debug|Any CPU
		{AC234C89-F152-4848-94B7-39D860D9EE88}.Debug|Any CPU.Build.0 = Debug|Any CPU
		{AC234C89-F152-4848-94B7-39D860D9EE88}.Release|Any CPU.ActiveCfg = Release|Any CPU
		{AC234C89-F152-4848-94B7-39D860D9EE88}.Release|Any CPU.Build.0 = Release|Any CPU
	EndGlobalSection
	GlobalSection(SolutionProperties) = preSolution
		HideSolutionNode = FALSE
	EndGlobalSection
EndGlobal
